// !$*UTF8*$!
{
	archiveVersion = 1;
	classes = {
	};
	objectVersion = 56;
	objects = {

/* Begin PBXBuildFile section */
		B7DDA1862AA66FAC00103DCA /* AppDelegate.swift in Sources */ = {isa = PBXBuildFile; fileRef = B7DDA1852AA66FAC00103DCA /* AppDelegate.swift */; };
		B7DDA1882AA66FAC00103DCA /* SceneDelegate.swift in Sources */ = {isa = PBXBuildFile; fileRef = B7DDA1872AA66FAC00103DCA /* SceneDelegate.swift */; };
		B7DDA18A2AA66FAC00103DCA /* ViewController.swift in Sources */ = {isa = PBXBuildFile; fileRef = B7DDA1892AA66FAC00103DCA /* ViewController.swift */; };
		B7DDA18D2AA66FAC00103DCA /* Main.storyboard in Resources */ = {isa = PBXBuildFile; fileRef = B7DDA18B2AA66FAC00103DCA /* Main.storyboard */; };
		B7DDA18F2AA66FAE00103DCA /* Assets.xcassets in Resources */ = {isa = PBXBuildFile; fileRef = B7DDA18E2AA66FAE00103DCA /* Assets.xcassets */; };
		B7DDA1922AA66FAE00103DCA /* LaunchScreen.storyboard in Resources */ = {isa = PBXBuildFile; fileRef = B7DDA1902AA66FAE00103DCA /* LaunchScreen.storyboard */; };
		B7DDA19D2AA66FAE00103DCA /* StopwatchTests.swift in Sources */ = {isa = PBXBuildFile; fileRef = B7DDA19C2AA66FAE00103DCA /* StopwatchTests.swift */; };
		B7DDA1A72AA66FAE00103DCA /* StopwatchUITests.swift in Sources */ = {isa = PBXBuildFile; fileRef = B7DDA1A62AA66FAE00103DCA /* StopwatchUITests.swift */; };
		B7DDA1A92AA66FAE00103DCA /* StopwatchUITestsLaunchTests.swift in Sources */ = {isa = PBXBuildFile; fileRef = B7DDA1A82AA66FAE00103DCA /* StopwatchUITestsLaunchTests.swift */; };
		B7DDA1B62AA6740E00103DCA /* Stopwatch.swift in Sources */ = {isa = PBXBuildFile; fileRef = B7DDA1B52AA6740E00103DCA /* Stopwatch.swift */; };
		B7DDA1B82AA684C700103DCA /* background_photo.jpg in Resources */ = {isa = PBXBuildFile; fileRef = B7DDA1B72AA684C700103DCA /* background_photo.jpg */; };
		B7DDA1C02AA687D700103DCA /* Icon-60@2x.png in Resources */ = {isa = PBXBuildFile; fileRef = B7DDA1BF2AA687D700103DCA /* Icon-60@2x.png */; };
		B7DDA1C42AA6880800103DCA /* Icon-Spotlight-40.png in Resources */ = {isa = PBXBuildFile; fileRef = B7DDA1C32AA6880800103DCA /* Icon-Spotlight-40.png */; };
/* End PBXBuildFile section */

/* Begin PBXContainerItemProxy section */
		B7DDA1992AA66FAE00103DCA /* PBXContainerItemProxy */ = {
			isa = PBXContainerItemProxy;
			containerPortal = B7DDA17A2AA66FAC00103DCA /* Project object */;
			proxyType = 1;
			remoteGlobalIDString = B7DDA1812AA66FAC00103DCA;
			remoteInfo = Stopwatch;
		};
		B7DDA1A32AA66FAE00103DCA /* PBXContainerItemProxy */ = {
			isa = PBXContainerItemProxy;
			containerPortal = B7DDA17A2AA66FAC00103DCA /* Project object */;
			proxyType = 1;
			remoteGlobalIDString = B7DDA1812AA66FAC00103DCA;
			remoteInfo = Stopwatch;
		};
/* End PBXContainerItemProxy section */

/* Begin PBXFileReference section */
		B7DDA1822AA66FAC00103DCA /* Stopwatch.app */ = {isa = PBXFileReference; explicitFileType = wrapper.application; includeInIndex = 0; path = Stopwatch.app; sourceTree = BUILT_PRODUCTS_DIR; };
		B7DDA1852AA66FAC00103DCA /* AppDelegate.swift */ = {isa = PBXFileReference; lastKnownFileType = sourcecode.swift; path = AppDelegate.swift; sourceTree = "<group>"; };
		B7DDA1872AA66FAC00103DCA /* SceneDelegate.swift */ = {isa = PBXFileReference; lastKnownFileType = sourcecode.swift; path = SceneDelegate.swift; sourceTree = "<group>"; };
		B7DDA1892AA66FAC00103DCA /* ViewController.swift */ = {isa = PBXFileReference; lastKnownFileType = sourcecode.swift; path = ViewController.swift; sourceTree = "<group>"; };
		B7DDA18C2AA66FAC00103DCA /* Base */ = {isa = PBXFileReference; lastKnownFileType = file.storyboard; name = Base; path = Base.lproj/Main.storyboard; sourceTree = "<group>"; };
		B7DDA18E2AA66FAE00103DCA /* Assets.xcassets */ = {isa = PBXFileReference; lastKnownFileType = folder.assetcatalog; path = Assets.xcassets; sourceTree = "<group>"; };
		B7DDA1912AA66FAE00103DCA /* Base */ = {isa = PBXFileReference; lastKnownFileType = file.storyboard; name = Base; path = Base.lproj/LaunchScreen.storyboard; sourceTree = "<group>"; };
		B7DDA1932AA66FAE00103DCA /* Info.plist */ = {isa = PBXFileReference; lastKnownFileType = text.plist.xml; path = Info.plist; sourceTree = "<group>"; };
		B7DDA1982AA66FAE00103DCA /* StopwatchTests.xctest */ = {isa = PBXFileReference; explicitFileType = wrapper.cfbundle; includeInIndex = 0; path = StopwatchTests.xctest; sourceTree = BUILT_PRODUCTS_DIR; };
		B7DDA19C2AA66FAE00103DCA /* StopwatchTests.swift */ = {isa = PBXFileReference; lastKnownFileType = sourcecode.swift; path = StopwatchTests.swift; sourceTree = "<group>"; };
		B7DDA1A22AA66FAE00103DCA /* StopwatchUITests.xctest */ = {isa = PBXFileReference; explicitFileType = wrapper.cfbundle; includeInIndex = 0; path = StopwatchUITests.xctest; sourceTree = BUILT_PRODUCTS_DIR; };
		B7DDA1A62AA66FAE00103DCA /* StopwatchUITests.swift */ = {isa = PBXFileReference; lastKnownFileType = sourcecode.swift; path = StopwatchUITests.swift; sourceTree = "<group>"; };
		B7DDA1A82AA66FAE00103DCA /* StopwatchUITestsLaunchTests.swift */ = {isa = PBXFileReference; lastKnownFileType = sourcecode.swift; path = StopwatchUITestsLaunchTests.swift; sourceTree = "<group>"; };
		B7DDA1B52AA6740E00103DCA /* Stopwatch.swift */ = {isa = PBXFileReference; lastKnownFileType = sourcecode.swift; path = Stopwatch.swift; sourceTree = "<group>"; };
		B7DDA1B72AA684C700103DCA /* background_photo.jpg */ = {isa = PBXFileReference; lastKnownFileType = image.jpeg; name = background_photo.jpg; path = Stopwatch/Images/background_photo.jpg; sourceTree = SOURCE_ROOT; };
		B7DDA1BF2AA687D700103DCA /* Icon-60@2x.png */ = {isa = PBXFileReference; lastKnownFileType = image.png; name = "Icon-60@2x.png"; path = "../../../../../Downloads/AppIcon.appiconset/Icon-60@2x.png"; sourceTree = "<group>"; };
		B7DDA1C32AA6880800103DCA /* Icon-Spotlight-40.png */ = {isa = PBXFileReference; lastKnownFileType = image.png; name = "Icon-Spotlight-40.png"; path = "../../../../../Downloads/AppIcon.appiconset/Icon-Spotlight-40.png"; sourceTree = "<group>"; };
/* End PBXFileReference section */

/* Begin PBXFrameworksBuildPhase section */
		B7DDA17F2AA66FAC00103DCA /* Frameworks */ = {
			isa = PBXFrameworksBuildPhase;
			buildActionMask = 2147483647;
			files = (
			);
			runOnlyForDeploymentPostprocessing = 0;
		};
		B7DDA1952AA66FAE00103DCA /* Frameworks */ = {
			isa = PBXFrameworksBuildPhase;
			buildActionMask = 2147483647;
			files = (
			);
			runOnlyForDeploymentPostprocessing = 0;
		};
		B7DDA19F2AA66FAE00103DCA /* Frameworks */ = {
			isa = PBXFrameworksBuildPhase;
			buildActionMask = 2147483647;
			files = (
			);
			runOnlyForDeploymentPostprocessing = 0;
		};
/* End PBXFrameworksBuildPhase section */

/* Begin PBXGroup section */
		B7DDA1792AA66FAC00103DCA = {
			isa = PBXGroup;
			children = (
				B7DDA1842AA66FAC00103DCA /* Stopwatch */,
				B7DDA19B2AA66FAE00103DCA /* StopwatchTests */,
				B7DDA1A52AA66FAE00103DCA /* StopwatchUITests */,
				B7DDA1832AA66FAC00103DCA /* Products */,
			);
			sourceTree = "<group>";
		};
		B7DDA1832AA66FAC00103DCA /* Products */ = {
			isa = PBXGroup;
			children = (
				B7DDA1822AA66FAC00103DCA /* Stopwatch.app */,
				B7DDA1982AA66FAE00103DCA /* StopwatchTests.xctest */,
				B7DDA1A22AA66FAE00103DCA /* StopwatchUITests.xctest */,
			);
			name = Products;
			sourceTree = "<group>";
		};
		B7DDA1842AA66FAC00103DCA /* Stopwatch */ = {
			isa = PBXGroup;
			children = (
				B7DDA1BB2AA686E600103DCA /* Images */,
				B7DDA1852AA66FAC00103DCA /* AppDelegate.swift */,
				B7DDA1872AA66FAC00103DCA /* SceneDelegate.swift */,
				B7DDA1892AA66FAC00103DCA /* ViewController.swift */,
				B7DDA18B2AA66FAC00103DCA /* Main.storyboard */,
				B7DDA18E2AA66FAE00103DCA /* Assets.xcassets */,
				B7DDA1902AA66FAE00103DCA /* LaunchScreen.storyboard */,
				B7DDA1932AA66FAE00103DCA /* Info.plist */,
				B7DDA1B52AA6740E00103DCA /* Stopwatch.swift */,
			);
			path = Stopwatch;
			sourceTree = "<group>";
		};
		B7DDA19B2AA66FAE00103DCA /* StopwatchTests */ = {
			isa = PBXGroup;
			children = (
				B7DDA19C2AA66FAE00103DCA /* StopwatchTests.swift */,
			);
			path = StopwatchTests;
			sourceTree = "<group>";
		};
		B7DDA1A52AA66FAE00103DCA /* StopwatchUITests */ = {
			isa = PBXGroup;
			children = (
				B7DDA1A62AA66FAE00103DCA /* StopwatchUITests.swift */,
				B7DDA1A82AA66FAE00103DCA /* StopwatchUITestsLaunchTests.swift */,
			);
			path = StopwatchUITests;
			sourceTree = "<group>";
		};
		B7DDA1BB2AA686E600103DCA /* Images */ = {
			isa = PBXGroup;
			children = (
				B7DDA1BF2AA687D700103DCA /* Icon-60@2x.png */,
				B7DDA1C32AA6880800103DCA /* Icon-Spotlight-40.png */,
				B7DDA1B72AA684C700103DCA /* background_photo.jpg */,
			);
			path = Images;
			sourceTree = "<group>";
		};
/* End PBXGroup section */

/* Begin PBXNativeTarget section */
		B7DDA1812AA66FAC00103DCA /* Stopwatch */ = {
			isa = PBXNativeTarget;
			buildConfigurationList = B7DDA1AC2AA66FAE00103DCA /* Build configuration list for PBXNativeTarget "Stopwatch" */;
			buildPhases = (
				B7DDA17E2AA66FAC00103DCA /* Sources */,
				B7DDA17F2AA66FAC00103DCA /* Frameworks */,
				B7DDA1802AA66FAC00103DCA /* Resources */,
			);
			buildRules = (
			);
			dependencies = (
			);
			name = Stopwatch;
			productName = Stopwatch;
			productReference = B7DDA1822AA66FAC00103DCA /* Stopwatch.app */;
			productType = "com.apple.product-type.application";
		};
		B7DDA1972AA66FAE00103DCA /* StopwatchTests */ = {
			isa = PBXNativeTarget;
			buildConfigurationList = B7DDA1AF2AA66FAE00103DCA /* Build configuration list for PBXNativeTarget "StopwatchTests" */;
			buildPhases = (
				B7DDA1942AA66FAE00103DCA /* Sources */,
				B7DDA1952AA66FAE00103DCA /* Frameworks */,
				B7DDA1962AA66FAE00103DCA /* Resources */,
			);
			buildRules = (
			);
			dependencies = (
				B7DDA19A2AA66FAE00103DCA /* PBXTargetDependency */,
			);
			name = StopwatchTests;
			productName = StopwatchTests;
			productReference = B7DDA1982AA66FAE00103DCA /* StopwatchTests.xctest */;
			productType = "com.apple.product-type.bundle.unit-test";
		};
		B7DDA1A12AA66FAE00103DCA /* StopwatchUITests */ = {
			isa = PBXNativeTarget;
			buildConfigurationList = B7DDA1B22AA66FAE00103DCA /* Build configuration list for PBXNativeTarget "StopwatchUITests" */;
			buildPhases = (
				B7DDA19E2AA66FAE00103DCA /* Sources */,
				B7DDA19F2AA66FAE00103DCA /* Frameworks */,
				B7DDA1A02AA66FAE00103DCA /* Resources */,
			);
			buildRules = (
			);
			dependencies = (
				B7DDA1A42AA66FAE00103DCA /* PBXTargetDependency */,
			);
			name = StopwatchUITests;
			productName = StopwatchUITests;
			productReference = B7DDA1A22AA66FAE00103DCA /* StopwatchUITests.xctest */;
			productType = "com.apple.product-type.bundle.ui-testing";
		};
/* End PBXNativeTarget section */

/* Begin PBXProject section */
		B7DDA17A2AA66FAC00103DCA /* Project object */ = {
			isa = PBXProject;
			attributes = {
				BuildIndependentTargetsInParallel = 1;
				LastSwiftUpdateCheck = 1430;
				LastUpgradeCheck = 1430;
				TargetAttributes = {
					B7DDA1812AA66FAC00103DCA = {
						CreatedOnToolsVersion = 14.3.1;
					};
					B7DDA1972AA66FAE00103DCA = {
						CreatedOnToolsVersion = 14.3.1;
						TestTargetID = B7DDA1812AA66FAC00103DCA;
					};
					B7DDA1A12AA66FAE00103DCA = {
						CreatedOnToolsVersion = 14.3.1;
						TestTargetID = B7DDA1812AA66FAC00103DCA;
					};
				};
			};
			buildConfigurationList = B7DDA17D2AA66FAC00103DCA /* Build configuration list for PBXProject "Stopwatch" */;
			compatibilityVersion = "Xcode 14.0";
			developmentRegion = en;
			hasScannedForEncodings = 0;
			knownRegions = (
				en,
				Base,
			);
			mainGroup = B7DDA1792AA66FAC00103DCA;
			productRefGroup = B7DDA1832AA66FAC00103DCA /* Products */;
			projectDirPath = "";
			projectRoot = "";
			targets = (
				B7DDA1812AA66FAC00103DCA /* Stopwatch */,
				B7DDA1972AA66FAE00103DCA /* StopwatchTests */,
				B7DDA1A12AA66FAE00103DCA /* StopwatchUITests */,
			);
		};
/* End PBXProject section */

/* Begin PBXResourcesBuildPhase section */
		B7DDA1802AA66FAC00103DCA /* Resources */ = {
			isa = PBXResourcesBuildPhase;
			buildActionMask = 2147483647;
			files = (
				B7DDA1B82AA684C700103DCA /* background_photo.jpg in Resources */,
				B7DDA1C02AA687D700103DCA /* Icon-60@2x.png in Resources */,
				B7DDA1922AA66FAE00103DCA /* LaunchScreen.storyboard in Resources */,
				B7DDA18F2AA66FAE00103DCA /* Assets.xcassets in Resources */,
				B7DDA1C42AA6880800103DCA /* Icon-Spotlight-40.png in Resources */,
				B7DDA18D2AA66FAC00103DCA /* Main.storyboard in Resources */,
			);
			runOnlyForDeploymentPostprocessing = 0;
		};
		B7DDA1962AA66FAE00103DCA /* Resources */ = {
			isa = PBXResourcesBuildPhase;
			buildActionMask = 2147483647;
			files = (
			);
			runOnlyForDeploymentPostprocessing = 0;
		};
		B7DDA1A02AA66FAE00103DCA /* Resources */ = {
			isa = PBXResourcesBuildPhase;
			buildActionMask = 2147483647;
			files = (
			);
			runOnlyForDeploymentPostprocessing = 0;
		};
/* End PBXResourcesBuildPhase section */

/* Begin PBXSourcesBuildPhase section */
		B7DDA17E2AA66FAC00103DCA /* Sources */ = {
			isa = PBXSourcesBuildPhase;
			buildActionMask = 2147483647;
			files = (
				B7DDA18A2AA66FAC00103DCA /* ViewController.swift in Sources */,
				B7DDA1862AA66FAC00103DCA /* AppDelegate.swift in Sources */,
				B7DDA1882AA66FAC00103DCA /* SceneDelegate.swift in Sources */,
				B7DDA1B62AA6740E00103DCA /* Stopwatch.swift in Sources */,
			);
			runOnlyForDeploymentPostprocessing = 0;
		};
		B7DDA1942AA66FAE00103DCA /* Sources */ = {
			isa = PBXSourcesBuildPhase;
			buildActionMask = 2147483647;
			files = (
				B7DDA19D2AA66FAE00103DCA /* StopwatchTests.swift in Sources */,
			);
			runOnlyForDeploymentPostprocessing = 0;
		};
		B7DDA19E2AA66FAE00103DCA /* Sources */ = {
			isa = PBXSourcesBuildPhase;
			buildActionMask = 2147483647;
			files = (
				B7DDA1A92AA66FAE00103DCA /* StopwatchUITestsLaunchTests.swift in Sources */,
				B7DDA1A72AA66FAE00103DCA /* StopwatchUITests.swift in Sources */,
			);
			runOnlyForDeploymentPostprocessing = 0;
		};
/* End PBXSourcesBuildPhase section */

/* Begin PBXTargetDependency section */
		B7DDA19A2AA66FAE00103DCA /* PBXTargetDependency */ = {
			isa = PBXTargetDependency;
			target = B7DDA1812AA66FAC00103DCA /* Stopwatch */;
			targetProxy = B7DDA1992AA66FAE00103DCA /* PBXContainerItemProxy */;
		};
		B7DDA1A42AA66FAE00103DCA /* PBXTargetDependency */ = {
			isa = PBXTargetDependency;
			target = B7DDA1812AA66FAC00103DCA /* Stopwatch */;
			targetProxy = B7DDA1A32AA66FAE00103DCA /* PBXContainerItemProxy */;
		};
/* End PBXTargetDependency section */

/* Begin PBXVariantGroup section */
		B7DDA18B2AA66FAC00103DCA /* Main.storyboard */ = {
			isa = PBXVariantGroup;
			children = (
				B7DDA18C2AA66FAC00103DCA /* Base */,
			);
			name = Main.storyboard;
			sourceTree = "<group>";
		};
		B7DDA1902AA66FAE00103DCA /* LaunchScreen.storyboard */ = {
			isa = PBXVariantGroup;
			children = (
				B7DDA1912AA66FAE00103DCA /* Base */,
			);
			name = LaunchScreen.storyboard;
			sourceTree = "<group>";
		};
/* End PBXVariantGroup section */

/* Begin XCBuildConfiguration section */
		B7DDA1AA2AA66FAE00103DCA /* Debug */ = {
			isa = XCBuildConfiguration;
			buildSettings = {
				ALWAYS_SEARCH_USER_PATHS = NO;
				CLANG_ANALYZER_NONNULL = YES;
				CLANG_ANALYZER_NUMBER_OBJECT_CONVERSION = YES_AGGRESSIVE;
				CLANG_CXX_LANGUAGE_STANDARD = "gnu++20";
				CLANG_ENABLE_MODULES = YES;
				CLANG_ENABLE_OBJC_ARC = YES;
				CLANG_ENABLE_OBJC_WEAK = YES;
				CLANG_WARN_BLOCK_CAPTURE_AUTORELEASING = YES;
				CLANG_WARN_BOOL_CONVERSION = YES;
				CLANG_WARN_COMMA = YES;
				CLANG_WARN_CONSTANT_CONVERSION = YES;
				CLANG_WARN_DEPRECATED_OBJC_IMPLEMENTATIONS = YES;
				CLANG_WARN_DIRECT_OBJC_ISA_USAGE = YES_ERROR;
				CLANG_WARN_DOCUMENTATION_COMMENTS = YES;
				CLANG_WARN_EMPTY_BODY = YES;
				CLANG_WARN_ENUM_CONVERSION = YES;
				CLANG_WARN_INFINITE_RECURSION = YES;
				CLANG_WARN_INT_CONVERSION = YES;
				CLANG_WARN_NON_LITERAL_NULL_CONVERSION = YES;
				CLANG_WARN_OBJC_IMPLICIT_RETAIN_SELF = YES;
				CLANG_WARN_OBJC_LITERAL_CONVERSION = YES;
				CLANG_WARN_OBJC_ROOT_CLASS = YES_ERROR;
				CLANG_WARN_QUOTED_INCLUDE_IN_FRAMEWORK_HEADER = YES;
				CLANG_WARN_RANGE_LOOP_ANALYSIS = YES;
				CLANG_WARN_STRICT_PROTOTYPES = YES;
				CLANG_WARN_SUSPICIOUS_MOVE = YES;
				CLANG_WARN_UNGUARDED_AVAILABILITY = YES_AGGRESSIVE;
				CLANG_WARN_UNREACHABLE_CODE = YES;
				CLANG_WARN__DUPLICATE_METHOD_MATCH = YES;
				COPY_PHASE_STRIP = NO;
				DEBUG_INFORMATION_FORMAT = dwarf;
				ENABLE_STRICT_OBJC_MSGSEND = YES;
				ENABLE_TESTABILITY = YES;
				GCC_C_LANGUAGE_STANDARD = gnu11;
				GCC_DYNAMIC_NO_PIC = NO;
				GCC_NO_COMMON_BLOCKS = YES;
				GCC_OPTIMIZATION_LEVEL = 0;
				GCC_PREPROCESSOR_DEFINITIONS = (
					"DEBUG=1",
					"$(inherited)",
				);
				GCC_WARN_64_TO_32_BIT_CONVERSION = YES;
				GCC_WARN_ABOUT_RETURN_TYPE = YES_ERROR;
				GCC_WARN_UNDECLARED_SELECTOR = YES;
				GCC_WARN_UNINITIALIZED_AUTOS = YES_AGGRESSIVE;
				GCC_WARN_UNUSED_FUNCTION = YES;
				GCC_WARN_UNUSED_VARIABLE = YES;
				IPHONEOS_DEPLOYMENT_TARGET = 16.4;
				MTL_ENABLE_DEBUG_INFO = INCLUDE_SOURCE;
				MTL_FAST_MATH = YES;
				ONLY_ACTIVE_ARCH = YES;
				SDKROOT = iphoneos;
				SWIFT_ACTIVE_COMPILATION_CONDITIONS = DEBUG;
				SWIFT_OPTIMIZATION_LEVEL = "-Onone";
			};
			name = Debug;
		};
		B7DDA1AB2AA66FAE00103DCA /* Release */ = {
			isa = XCBuildConfiguration;
			buildSettings = {
				ALWAYS_SEARCH_USER_PATHS = NO;
				CLANG_ANALYZER_NONNULL = YES;
				CLANG_ANALYZER_NUMBER_OBJECT_CONVERSION = YES_AGGRESSIVE;
				CLANG_CXX_LANGUAGE_STANDARD = "gnu++20";
				CLANG_ENABLE_MODULES = YES;
				CLANG_ENABLE_OBJC_ARC = YES;
				CLANG_ENABLE_OBJC_WEAK = YES;
				CLANG_WARN_BLOCK_CAPTURE_AUTORELEASING = YES;
				CLANG_WARN_BOOL_CONVERSION = YES;
				CLANG_WARN_COMMA = YES;
				CLANG_WARN_CONSTANT_CONVERSION = YES;
				CLANG_WARN_DEPRECATED_OBJC_IMPLEMENTATIONS = YES;
				CLANG_WARN_DIRECT_OBJC_ISA_USAGE = YES_ERROR;
				CLANG_WARN_DOCUMENTATION_COMMENTS = YES;
				CLANG_WARN_EMPTY_BODY = YES;
				CLANG_WARN_ENUM_CONVERSION = YES;
				CLANG_WARN_INFINITE_RECURSION = YES;
				CLANG_WARN_INT_CONVERSION = YES;
				CLANG_WARN_NON_LITERAL_NULL_CONVERSION = YES;
				CLANG_WARN_OBJC_IMPLICIT_RETAIN_SELF = YES;
				CLANG_WARN_OBJC_LITERAL_CONVERSION = YES;
				CLANG_WARN_OBJC_ROOT_CLASS = YES_ERROR;
				CLANG_WARN_QUOTED_INCLUDE_IN_FRAMEWORK_HEADER = YES;
				CLANG_WARN_RANGE_LOOP_ANALYSIS = YES;
				CLANG_WARN_STRICT_PROTOTYPES = YES;
				CLANG_WARN_SUSPICIOUS_MOVE = YES;
				CLANG_WARN_UNGUARDED_AVAILABILITY = YES_AGGRESSIVE;
				CLANG_WARN_UNREACHABLE_CODE = YES;
				CLANG_WARN__DUPLICATE_METHOD_MATCH = YES;
				COPY_PHASE_STRIP = NO;
				DEBUG_INFORMATION_FORMAT = "dwarf-with-dsym";
				ENABLE_NS_ASSERTIONS = NO;
				ENABLE_STRICT_OBJC_MSGSEND = YES;
				GCC_C_LANGUAGE_STANDARD = gnu11;
				GCC_NO_COMMON_BLOCKS = YES;
				GCC_WARN_64_TO_32_BIT_CONVERSION = YES;
				GCC_WARN_ABOUT_RETURN_TYPE = YES_ERROR;
				GCC_WARN_UNDECLARED_SELECTOR = YES;
				GCC_WARN_UNINITIALIZED_AUTOS = YES_AGGRESSIVE;
				GCC_WARN_UNUSED_FUNCTION = YES;
				GCC_WARN_UNUSED_VARIABLE = YES;
				IPHONEOS_DEPLOYMENT_TARGET = 16.4;
				MTL_ENABLE_DEBUG_INFO = NO;
				MTL_FAST_MATH = YES;
				SDKROOT = iphoneos;
				SWIFT_COMPILATION_MODE = wholemodule;
				SWIFT_OPTIMIZATION_LEVEL = "-O";
				VALIDATE_PRODUCT = YES;
			};
			name = Release;
		};
		B7DDA1AD2AA66FAE00103DCA /* Debug */ = {
			isa = XCBuildConfiguration;
			buildSettings = {
				ASSETCATALOG_COMPILER_APPICON_NAME = AppIcon;
				ASSETCATALOG_COMPILER_GLOBAL_ACCENT_COLOR_NAME = AccentColor;
				CODE_SIGN_STYLE = Automatic;
				CURRENT_PROJECT_VERSION = 1;
				GENERATE_INFOPLIST_FILE = YES;
				INFOPLIST_FILE = Stopwatch/Info.plist;
				INFOPLIST_KEY_UIApplicationSupportsIndirectInputEvents = YES;
				INFOPLIST_KEY_UILaunchStoryboardName = LaunchScreen;
				INFOPLIST_KEY_UIMainStoryboardFile = Main;
				INFOPLIST_KEY_UISupportedInterfaceOrientations_iPad = "UIInterfaceOrientationPortrait UIInterfaceOrientationPortraitUpsideDown UIInterfaceOrientationLandscapeLeft UIInterfaceOrientationLandscapeRight";
				INFOPLIST_KEY_UISupportedInterfaceOrientations_iPhone = "UIInterfaceOrientationPortrait UIInterfaceOrientationLandscapeLeft UIInterfaceOrientationLandscapeRight";
				LD_RUNPATH_SEARCH_PATHS = (
					"$(inherited)",
					"@executable_path/Frameworks",
				);
				MARKETING_VERSION = 1.0;
				PRODUCT_BUNDLE_IDENTIFIER = "Emme-Wetzel.Stopwatch";
				PRODUCT_NAME = "$(TARGET_NAME)";
				SWIFT_EMIT_LOC_STRINGS = YES;
				SWIFT_VERSION = 5.0;
				TARGETED_DEVICE_FAMILY = "1,2";
			};
			name = Debug;
		};
		B7DDA1AE2AA66FAE00103DCA /* Release */ = {
			isa = XCBuildConfiguration;
			buildSettings = {
				ASSETCATALOG_COMPILER_APPICON_NAME = AppIcon;
				ASSETCATALOG_COMPILER_GLOBAL_ACCENT_COLOR_NAME = AccentColor;
				CODE_SIGN_STYLE = Automatic;
				CURRENT_PROJECT_VERSION = 1;
				GENERATE_INFOPLIST_FILE = YES;
				INFOPLIST_FILE = Stopwatch/Info.plist;
				INFOPLIST_KEY_UIApplicationSupportsIndirectInputEvents = YES;
				INFOPLIST_KEY_UILaunchStoryboardName = LaunchScreen;
				INFOPLIST_KEY_UIMainStoryboardFile = Main;
				INFOPLIST_KEY_UISupportedInterfaceOrientations_iPad = "UIInterfaceOrientationPortrait UIInterfaceOrientationPortraitUpsideDown UIInterfaceOrientationLandscapeLeft UIInterfaceOrientationLandscapeRight";
				INFOPLIST_KEY_UISupportedInterfaceOrientations_iPhone = "UIInterfaceOrientationPortrait UIInterfaceOrientationLandscapeLeft UIInterfaceOrientationLandscapeRight";
				LD_RUNPATH_SEARCH_PATHS = (
					"$(inherited)",
					"@executable_path/Frameworks",
				);
				MARKETING_VERSION = 1.0;
				PRODUCT_BUNDLE_IDENTIFIER = "Emme-Wetzel.Stopwatch";
				PRODUCT_NAME = "$(TARGET_NAME)";
				SWIFT_EMIT_LOC_STRINGS = YES;
				SWIFT_VERSION = 5.0;
				TARGETED_DEVICE_FAMILY = "1,2";
			};
			name = Release;
		};
		B7DDA1B02AA66FAE00103DCA /* Debug */ = {
			isa = XCBuildConfiguration;
			buildSettings = {
				ALWAYS_EMBED_SWIFT_STANDARD_LIBRARIES = YES;
				BUNDLE_LOADER = "$(TEST_HOST)";
				CODE_SIGN_STYLE = Automatic;
				CURRENT_PROJECT_VERSION = 1;
				GENERATE_INFOPLIST_FILE = YES;
				IPHONEOS_DEPLOYMENT_TARGET = 16.4;
				MARKETING_VERSION = 1.0;
				PRODUCT_BUNDLE_IDENTIFIER = "Emme-Wetzel.StopwatchTests";
				PRODUCT_NAME = "$(TARGET_NAME)";
				SWIFT_EMIT_LOC_STRINGS = NO;
				SWIFT_VERSION = 5.0;
				TARGETED_DEVICE_FAMILY = "1,2";
				TEST_HOST = "$(BUILT_PRODUCTS_DIR)/Stopwatch.app/$(BUNDLE_EXECUTABLE_FOLDER_PATH)/Stopwatch";
			};
			name = Debug;
		};
		B7DDA1B12AA66FAE00103DCA /* Release */ = {
			isa = XCBuildConfiguration;
			buildSettings = {
				ALWAYS_EMBED_SWIFT_STANDARD_LIBRARIES = YES;
				BUNDLE_LOADER = "$(TEST_HOST)";
				CODE_SIGN_STYLE = Automatic;
				CURRENT_PROJECT_VERSION = 1;
				GENERATE_INFOPLIST_FILE = YES;
				IPHONEOS_DEPLOYMENT_TARGET = 16.4;
				MARKETING_VERSION = 1.0;
				PRODUCT_BUNDLE_IDENTIFIER = "Emme-Wetzel.StopwatchTests";
				PRODUCT_NAME = "$(TARGET_NAME)";
				SWIFT_EMIT_LOC_STRINGS = NO;
				SWIFT_VERSION = 5.0;
				TARGETED_DEVICE_FAMILY = "1,2";
				TEST_HOST = "$(BUILT_PRODUCTS_DIR)/Stopwatch.app/$(BUNDLE_EXECUTABLE_FOLDER_PATH)/Stopwatch";
			};
			name = Release;
		};
		B7DDA1B32AA66FAE00103DCA /* Debug */ = {
			isa = XCBuildConfiguration;
			buildSettings = {
				ALWAYS_EMBED_SWIFT_STANDARD_LIBRARIES = YES;
				CODE_SIGN_STYLE = Automatic;
				CURRENT_PROJECT_VERSION = 1;
				GENERATE_INFOPLIST_FILE = YES;
				MARKETING_VERSION = 1.0;
				PRODUCT_BUNDLE_IDENTIFIER = "Emme-Wetzel.StopwatchUITests";
				PRODUCT_NAME = "$(TARGET_NAME)";
				SWIFT_EMIT_LOC_STRINGS = NO;
				SWIFT_VERSION = 5.0;
				TARGETED_DEVICE_FAMILY = "1,2";
				TEST_TARGET_NAME = Stopwatch;
			};
			name = Debug;
		};
		B7DDA1B42AA66FAE00103DCA /* Release */ = {
			isa = XCBuildConfiguration;
			buildSettings = {
				ALWAYS_EMBED_SWIFT_STANDARD_LIBRARIES = YES;
				CODE_SIGN_STYLE = Automatic;
				CURRENT_PROJECT_VERSION = 1;
				GENERATE_INFOPLIST_FILE = YES;
				MARKETING_VERSION = 1.0;
				PRODUCT_BUNDLE_IDENTIFIER = "Emme-Wetzel.StopwatchUITests";
				PRODUCT_NAME = "$(TARGET_NAME)";
				SWIFT_EMIT_LOC_STRINGS = NO;
				SWIFT_VERSION = 5.0;
				TARGETED_DEVICE_FAMILY = "1,2";
				TEST_TARGET_NAME = Stopwatch;
			};
			name = Release;
		};
/* End XCBuildConfiguration section */

/* Begin XCConfigurationList section */
		B7DDA17D2AA66FAC00103DCA /* Build configuration list for PBXProject "Stopwatch" */ = {
			isa = XCConfigurationList;
			buildConfigurations = (
				B7DDA1AA2AA66FAE00103DCA /* Debug */,
				B7DDA1AB2AA66FAE00103DCA /* Release */,
			);
			defaultConfigurationIsVisible = 0;
			defaultConfigurationName = Release;
		};
		B7DDA1AC2AA66FAE00103DCA /* Build configuration list for PBXNativeTarget "Stopwatch" */ = {
			isa = XCConfigurationList;
			buildConfigurations = (
				B7DDA1AD2AA66FAE00103DCA /* Debug */,
				B7DDA1AE2AA66FAE00103DCA /* Release */,
			);
			defaultConfigurationIsVisible = 0;
			defaultConfigurationName = Release;
		};
		B7DDA1AF2AA66FAE00103DCA /* Build configuration list for PBXNativeTarget "StopwatchTests" */ = {
			isa = XCConfigurationList;
			buildConfigurations = (
				B7DDA1B02AA66FAE00103DCA /* Debug */,
				B7DDA1B12AA66FAE00103DCA /* Release */,
			);
			defaultConfigurationIsVisible = 0;
			defaultConfigurationName = Release;
		};
		B7DDA1B22AA66FAE00103DCA /* Build configuration list for PBXNativeTarget "StopwatchUITests" */ = {
			isa = XCConfigurationList;
			buildConfigurations = (
				B7DDA1B32AA66FAE00103DCA /* Debug */,
				B7DDA1B42AA66FAE00103DCA /* Release */,
			);
			defaultConfigurationIsVisible = 0;
			defaultConfigurationName = Release;
		};
/* End XCConfigurationList section */
	};
	rootObject = B7DDA17A2AA66FAC00103DCA /* Project object */;
}
